{
  "requires": true,
  "lockfileVersion": 1,
  "dependencies": {
    "esri-loader": {
      "version": "3.6.0",
      "resolved": "https://registry.npmjs.org/esri-loader/-/esri-loader-3.6.0.tgz",
      "integrity": "sha512-hvFnBLcHDVcymOXTg2IxptPAxDKq1lOQjO1bFlaJTZxmruvGR+41HjW12BgemPhiEBrH782q2nFuUytwWPVAMg=="
    }
  }
}
